
Microsoft Visual Studio Solution File, Format Version 12.00
# Visual Studio Version 17
VisualStudioVersion = 17.1.32407.343
MinimumVisualStudioVersion = 10.0.40219.1
Project("{FAE04EC0-301F-11D3-BF4B-00C04F79EFBC}") = "BlazorContextMenuBugRepro", "BlazorContextMenuBugRepro\BlazorContextMenuBugRepro.csproj", "{473BC9CB-7077-4666-91EE-415170DCECA5}"
EndProject
Global
	GlobalSection(SolutionConfigurationPlatforms) = preSolution
		Debug|Any CPU = Debug|Any CPU
		Release|Any CPU = Release|Any CPU
	EndGlobalSection
	GlobalSection(ProjectConfigurationPlatforms) = postSolution
		{473BC9CB-7077-4666-91EE-415170DCECA5}.Debug|Any CPU.ActiveCfg = Debug|Any CPU
		{473BC9CB-7077-4666-91EE-415170DCECA5}.Debug|Any CPU.Build.0 = Debug|Any CPU
		{473BC9CB-7077-4666-91EE-415170DCECA5}.Release|Any CPU.ActiveCfg = Release|Any CPU
		{473BC9CB-7077-4666-91EE-415170DCECA5}.Release|Any CPU.Build.0 = Release|Any CPU
	EndGlobalSection
	GlobalSection(SolutionProperties) = preSolution
		HideSolutionNode = FALSE
	EndGlobalSection
	GlobalSection(ExtensibilityGlobals) = postSolution
		SolutionGuid = {6B782D3A-56CB-469A-8913-2F99B64E1214}
	EndGlobalSection
EndGlobal
